
Microsoft Visual Studio Solution File, Format Version 12.00
# Visual Studio Version 16
VisualStudioVersion = 16.0.30011.22
MinimumVisualStudioVersion = 10.0.40219.1
Project("{FAE04EC0-301F-11D3-BF4B-00C04F79EFBC}") = "doan", "doan\doan.csproj", "{7ABF71B9-443B-4770-A16A-50149E378A2E}"
EndProject
Global
	GlobalSection(SolutionConfigurationPlatforms) = preSolution
		Debug|Any CPU = Debug|Any CPU
		Release|Any CPU = Release|Any CPU
	EndGlobalSection
	GlobalSection(ProjectConfigurationPlatforms) = postSolution
		{7ABF71B9-443B-4770-A16A-50149E378A2E}.Debug|Any CPU.ActiveCfg = Debug|Any CPU
		{7ABF71B9-443B-4770-A16A-50149E378A2E}.Debug|Any CPU.Build.0 = Debug|Any CPU
		{7ABF71B9-443B-4770-A16A-50149E378A2E}.Release|Any CPU.ActiveCfg = Release|Any CPU
		{7ABF71B9-443B-4770-A16A-50149E378A2E}.Release|Any CPU.Build.0 = Release|Any CPU
	EndGlobalSection
	GlobalSection(SolutionProperties) = preSolution
		HideSolutionNode = FALSE
	EndGlobalSection
	GlobalSection(ExtensibilityGlobals) = postSolution
		SolutionGuid = {C533164B-6717-4A54-A97A-17BF37F47C8B}
	EndGlobalSection
EndGlobal
